
Microsoft Visual Studio Solution File, Format Version 12.00
# Visual Studio Version 16
VisualStudioVersion = 16.0.31410.357
MinimumVisualStudioVersion = 10.0.40219.1
Project("{FAE04EC0-301F-11D3-BF4B-00C04F79EFBC}") = "AreaOfRoom", "AreaOfRoom.csproj", "{9CEF37D2-77FA-4C8E-9E42-A91A84B985F1}"
EndProject
Global
	GlobalSection(SolutionConfigurationPlatforms) = preSolution
		Debug|Any CPU = Debug|Any CPU
		Release|Any CPU = Release|Any CPU
	EndGlobalSection
	GlobalSection(ProjectConfigurationPlatforms) = postSolution
		{9CEF37D2-77FA-4C8E-9E42-A91A84B985F1}.Debug|Any CPU.ActiveCfg = Debug|Any CPU
		{9CEF37D2-77FA-4C8E-9E42-A91A84B985F1}.Debug|Any CPU.Build.0 = Debug|Any CPU
		{9CEF37D2-77FA-4C8E-9E42-A91A84B985F1}.Release|Any CPU.ActiveCfg = Release|Any CPU
		{9CEF37D2-77FA-4C8E-9E42-A91A84B985F1}.Release|Any CPU.Build.0 = Release|Any CPU
	EndGlobalSection
	GlobalSection(SolutionProperties) = preSolution
		HideSolutionNode = FALSE
	EndGlobalSection
	GlobalSection(ExtensibilityGlobals) = postSolution
		SolutionGuid = {898F34C6-D05F-4234-8B6F-8CB01AE0E067}
	EndGlobalSection
EndGlobal
